
Microsoft Visual Studio Solution File, Format Version 12.00
# Visual Studio Version 17
VisualStudioVersion = 17.1.32421.90
MinimumVisualStudioVersion = 10.0.40219.1
Project("{FAE04EC0-301F-11D3-BF4B-00C04F79EFBC}") = "Exercicio resolvido", "Exercicio resolvido\Exercicio resolvido.csproj", "{DB9D1AC7-F62C-4EC1-B7BA-EC2E8A141C25}"
EndProject
Global
	GlobalSection(SolutionConfigurationPlatforms) = preSolution
		Debug|Any CPU = Debug|Any CPU
		Release|Any CPU = Release|Any CPU
	EndGlobalSection
	GlobalSection(ProjectConfigurationPlatforms) = postSolution
		{DB9D1AC7-F62C-4EC1-B7BA-EC2E8A141C25}.Debug|Any CPU.ActiveCfg = Debug|Any CPU
		{DB9D1AC7-F62C-4EC1-B7BA-EC2E8A141C25}.Debug|Any CPU.Build.0 = Debug|Any CPU
		{DB9D1AC7-F62C-4EC1-B7BA-EC2E8A141C25}.Release|Any CPU.ActiveCfg = Release|Any CPU
		{DB9D1AC7-F62C-4EC1-B7BA-EC2E8A141C25}.Release|Any CPU.Build.0 = Release|Any CPU
	EndGlobalSection
	GlobalSection(SolutionProperties) = preSolution
		HideSolutionNode = FALSE
	EndGlobalSection
	GlobalSection(ExtensibilityGlobals) = postSolution
		SolutionGuid = {C3004A04-8E4E-4888-B0C5-7F2EA3C21BB5}
	EndGlobalSection
EndGlobal
